Line 1 - Solution placeholder
Line 2 - Solution placeholder
Line 3 - Solution placeholder
Line 4 - Solution placeholder
Line 5 - Solution placeholder
Line 6 - Solution placeholder
Line 7 - Solution placeholder
Line 8 - Solution placeholder
Line 9 - Solution placeholder
Line 10 - Solution placeholder
Line 11 - Solution placeholder
Line 12 - Solution placeholder
Line 13 - Solution placeholder
Line 14 - Solution placeholder
Line 15 - Solution placeholder
Line 16 - Solution placeholder
Line 17 - Solution placeholder
Line 18 - Solution placeholder
Line 19 - Solution placeholder
Line 20 - Solution placeholder
Line 21 - Solution placeholder
Line 22 - Solution placeholder
Line 23 - Solution placeholder
Line 24 - Solution placeholder
Line 25 - Solution placeholder
Line 26 - Solution placeholder
Line 27 - Solution placeholder
Line 28 - Solution placeholder
Line 29 - Solution placeholder
Line 30 - Solution placeholder
Line 31 - Solution placeholder
Line 32 - Solution placeholder
Line 33 - Solution placeholder
Line 34 - Solution placeholder